
Microsoft Visual Studio Solution File, Format Version 12.00
# Visual Studio 14
VisualStudioVersion = 14.0.25420.1
MinimumVisualStudioVersion = 10.0.40219.1
Project("{FAE04EC0-301F-11D3-BF4B-00C04F79EFBC}") = "EFCoreSample", "EFCoreSample\EFCoreSample.csproj", "{F8696585-76B7-4A75-95F8-D4AE7D6CF767}"
EndProject
Project("{FAE04EC0-301F-11D3-BF4B-00C04F79EFBC}") = "EFCoreSample.Test", "EFCoreSample.Test\EFCoreSample.Test.csproj", "{9907A495-9C89-44BF-B68B-CEE22B9D45E2}"
EndProject
Global
	GlobalSection(SolutionConfigurationPlatforms) = preSolution
		Debug|Any CPU = Debug|Any CPU
		Release|Any CPU = Release|Any CPU
	EndGlobalSection
	GlobalSection(ProjectConfigurationPlatforms) = postSolution
		{F8696585-76B7-4A75-95F8-D4AE7D6CF767}.Debug|Any CPU.ActiveCfg = Debug|Any CPU
		{F8696585-76B7-4A75-95F8-D4AE7D6CF767}.Debug|Any CPU.Build.0 = Debug|Any CPU
		{F8696585-76B7-4A75-95F8-D4AE7D6CF767}.Release|Any CPU.ActiveCfg = Release|Any CPU
		{F8696585-76B7-4A75-95F8-D4AE7D6CF767}.Release|Any CPU.Build.0 = Release|Any CPU
		{9907A495-9C89-44BF-B68B-CEE22B9D45E2}.Debug|Any CPU.ActiveCfg = Debug|Any CPU
		{9907A495-9C89-44BF-B68B-CEE22B9D45E2}.Debug|Any CPU.Build.0 = Debug|Any CPU
		{9907A495-9C89-44BF-B68B-CEE22B9D45E2}.Release|Any CPU.ActiveCfg = Release|Any CPU
		{9907A495-9C89-44BF-B68B-CEE22B9D45E2}.Release|Any CPU.Build.0 = Release|Any CPU
	EndGlobalSection
	GlobalSection(SolutionProperties) = preSolution
		HideSolutionNode = FALSE
	EndGlobalSection
EndGlobal
